
Microsoft Visual Studio Solution File, Format Version 12.00
# Visual Studio Version 17
VisualStudioVersion = 17.0.31903.59
MinimumVisualStudioVersion = 10.0.40219.1
Project("{2150E333-8FDC-42A3-9474-1A3956D46DE8}") = "src", "src", "{827E0CD3-B72D-47B6-A68D-7590B98EB39B}"
EndProject
Project("{FAE04EC0-301F-11D3-BF4B-00C04F79EFBC}") = "BridgeBank.Core", "src\BridgeBank.Core\BridgeBank.Core.csproj", "{91A7E0CC-7E3F-4255-92C3-A4C9B32BB6D5}"
EndProject
Project("{FAE04EC0-301F-11D3-BF4B-00C04F79EFBC}") = "BridgeBank.Parsers", "src\BridgeBank.Parsers\BridgeBank.Parsers.csproj", "{6A7B6030-FFFD-4A12-8000-0EF466710E51}"
EndProject
Project("{FAE04EC0-301F-11D3-BF4B-00C04F79EFBC}") = "BridgeBank.Generators", "src\BridgeBank.Generators\BridgeBank.Generators.csproj", "{1A451974-8C74-4ED6-81C0-058C544C02DE}"
EndProject
Project("{2150E333-8FDC-42A3-9474-1A3956D46DE8}") = "tests", "tests", "{0AB3BF05-4346-4AA6-1389-037BE0695223}"
EndProject
Project("{FAE04EC0-301F-11D3-BF4B-00C04F79EFBC}") = "BridgeBank.Core.Tests", "tests\BridgeBank.Core.Tests\BridgeBank.Core.Tests.csproj", "{F3222E24-DFCB-4D56-9BCB-67525EC40363}"
EndProject
Project("{FAE04EC0-301F-11D3-BF4B-00C04F79EFBC}") = "BridgeBank.Parsers.Tests", "tests\BridgeBank.Parsers.Tests\BridgeBank.Parsers.Tests.csproj", "{CE24F360-AC98-4A3E-8EB6-252552B6C007}"
EndProject
Project("{FAE04EC0-301F-11D3-BF4B-00C04F79EFBC}") = "BridgeBank.Generators.Tests", "tests\BridgeBank.Generators.Tests\BridgeBank.Generators.Tests.csproj", "{C2B35F9E-3ACA-44A2-A976-67CA8C927638}"
EndProject
Project("{2150E333-8FDC-42A3-9474-1A3956D46DE8}") = "samples", "samples", "{5D20AA90-6969-D8BD-9DCD-8634F4692FDA}"
EndProject
Project("{FAE04EC0-301F-11D3-BF4B-00C04F79EFBC}") = "BridgeBank.Samples", "samples\BridgeBank.Samples\BridgeBank.Samples.csproj", "{A311BD18-BA97-4C46-AD75-585E266D3415}"
EndProject
Project("{FAE04EC0-301F-11D3-BF4B-00C04F79EFBC}") = "BridgeBank.ML", "src\BridgeBank.ML\BridgeBank.ML.csproj", "{D14705FC-5122-47D3-818D-0801FB83AC71}"
EndProject
Project("{FAE04EC0-301F-11D3-BF4B-00C04F79EFBC}") = "BridgeBank.ML.Tests", "tests\BridgeBank.ML.Tests\BridgeBank.ML.Tests.csproj", "{3D6D85D6-CD05-4567-91CA-E037B7B500F6}"
EndProject
Project("{FAE04EC0-301F-11D3-BF4B-00C04F79EFBC}") = "BridgeBank.Api", "src\BridgeBank.Api\BridgeBank.Api.csproj", "{0C9F482F-8251-43B4-8C31-3AD158367E86}"
EndProject
Global
	GlobalSection(SolutionConfigurationPlatforms) = preSolution
		Debug|Any CPU = Debug|Any CPU
		Debug|x64 = Debug|x64
		Debug|x86 = Debug|x86
		Release|Any CPU = Release|Any CPU
		Release|x64 = Release|x64
		Release|x86 = Release|x86
	EndGlobalSection
	GlobalSection(ProjectConfigurationPlatforms) = postSolution
		{91A7E0CC-7E3F-4255-92C3-A4C9B32BB6D5}.Debug|Any CPU.ActiveCfg = Debug|Any CPU
		{91A7E0CC-7E3F-4255-92C3-A4C9B32BB6D5}.Debug|Any CPU.Build.0 = Debug|Any CPU
		{91A7E0CC-7E3F-4255-92C3-A4C9B32BB6D5}.Debug|x64.ActiveCfg = Debug|Any CPU
		{91A7E0CC-7E3F-4255-92C3-A4C9B32BB6D5}.Debug|x64.Build.0 = Debug|Any CPU
		{91A7E0CC-7E3F-4255-92C3-A4C9B32BB6D5}.Debug|x86.ActiveCfg = Debug|Any CPU
		{91A7E0CC-7E3F-4255-92C3-A4C9B32BB6D5}.Debug|x86.Build.0 = Debug|Any CPU
		{91A7E0CC-7E3F-4255-92C3-A4C9B32BB6D5}.Release|Any CPU.ActiveCfg = Release|Any CPU
		{91A7E0CC-7E3F-4255-92C3-A4C9B32BB6D5}.Release|Any CPU.Build.0 = Release|Any CPU
		{91A7E0CC-7E3F-4255-92C3-A4C9B32BB6D5}.Release|x64.ActiveCfg = Release|Any CPU
		{91A7E0CC-7E3F-4255-92C3-A4C9B32BB6D5}.Release|x64.Build.0 = Release|Any CPU
		{91A7E0CC-7E3F-4255-92C3-A4C9B32BB6D5}.Release|x86.ActiveCfg = Release|Any CPU
		{91A7E0CC-7E3F-4255-92C3-A4C9B32BB6D5}.Release|x86.Build.0 = Release|Any CPU
		{6A7B6030-FFFD-4A12-8000-0EF466710E51}.Debug|Any CPU.ActiveCfg = Debug|Any CPU
		{6A7B6030-FFFD-4A12-8000-0EF466710E51}.Debug|Any CPU.Build.0 = Debug|Any CPU
		{6A7B6030-FFFD-4A12-8000-0EF466710E51}.Debug|x64.ActiveCfg = Debug|Any CPU
		{6A7B6030-FFFD-4A12-8000-0EF466710E51}.Debug|x64.Build.0 = Debug|Any CPU
		{6A7B6030-FFFD-4A12-8000-0EF466710E51}.Debug|x86.ActiveCfg = Debug|Any CPU
		{6A7B6030-FFFD-4A12-8000-0EF466710E51}.Debug|x86.Build.0 = Debug|Any CPU
		{6A7B6030-FFFD-4A12-8000-0EF466710E51}.Release|Any CPU.ActiveCfg = Release|Any CPU
		{6A7B6030-FFFD-4A12-8000-0EF466710E51}.Release|Any CPU.Build.0 = Release|Any CPU
		{6A7B6030-FFFD-4A12-8000-0EF466710E51}.Release|x64.ActiveCfg = Release|Any CPU
		{6A7B6030-FFFD-4A12-8000-0EF466710E51}.Release|x64.Build.0 = Release|Any CPU
		{6A7B6030-FFFD-4A12-8000-0EF466710E51}.Release|x86.ActiveCfg = Release|Any CPU
		{6A7B6030-FFFD-4A12-8000-0EF466710E51}.Release|x86.Build.0 = Release|Any CPU
		{1A451974-8C74-4ED6-81C0-058C544C02DE}.Debug|Any CPU.ActiveCfg = Debug|Any CPU
		{1A451974-8C74-4ED6-81C0-058C544C02DE}.Debug|Any CPU.Build.0 = Debug|Any CPU
		{1A451974-8C74-4ED6-81C0-058C544C02DE}.Debug|x64.ActiveCfg = Debug|Any CPU
		{1A451974-8C74-4ED6-81C0-058C544C02DE}.Debug|x64.Build.0 = Debug|Any CPU
		{1A451974-8C74-4ED6-81C0-058C544C02DE}.Debug|x86.ActiveCfg = Debug|Any CPU
		{1A451974-8C74-4ED6-81C0-058C544C02DE}.Debug|x86.Build.0 = Debug|Any CPU
		{1A451974-8C74-4ED6-81C0-058C544C02DE}.Release|Any CPU.ActiveCfg = Release|Any CPU
		{1A451974-8C74-4ED6-81C0-058C544C02DE}.Release|Any CPU.Build.0 = Release|Any CPU
		{1A451974-8C74-4ED6-81C0-058C544C02DE}.Release|x64.ActiveCfg = Release|Any CPU
		{1A451974-8C74-4ED6-81C0-058C544C02DE}.Release|x64.Build.0 = Release|Any CPU
		{1A451974-8C74-4ED6-81C0-058C544C02DE}.Release|x86.ActiveCfg = Release|Any CPU
		{1A451974-8C74-4ED6-81C0-058C544C02DE}.Release|x86.Build.0 = Release|Any CPU
		{F3222E24-DFCB-4D56-9BCB-67525EC40363}.Debug|Any CPU.ActiveCfg = Debug|Any CPU
		{F3222E24-DFCB-4D56-9BCB-67525EC40363}.Debug|Any CPU.Build.0 = Debug|Any CPU
		{F3222E24-DFCB-4D56-9BCB-67525EC40363}.Debug|x64.ActiveCfg = Debug|Any CPU
		{F3222E24-DFCB-4D56-9BCB-67525EC40363}.Debug|x64.Build.0 = Debug|Any CPU
		{F3222E24-DFCB-4D56-9BCB-67525EC40363}.Debug|x86.ActiveCfg = Debug|Any CPU
		{F3222E24-DFCB-4D56-9BCB-67525EC40363}.Debug|x86.Build.0 = Debug|Any CPU
		{F3222E24-DFCB-4D56-9BCB-67525EC40363}.Release|Any CPU.ActiveCfg = Release|Any CPU
		{F3222E24-DFCB-4D56-9BCB-67525EC40363}.Release|Any CPU.Build.0 = Release|Any CPU
		{F3222E24-DFCB-4D56-9BCB-67525EC40363}.Release|x64.ActiveCfg = Release|Any CPU
		{F3222E24-DFCB-4D56-9BCB-67525EC40363}.Release|x64.Build.0 = Release|Any CPU
		{F3222E24-DFCB-4D56-9BCB-67525EC40363}.Release|x86.ActiveCfg = Release|Any CPU
		{F3222E24-DFCB-4D56-9BCB-67525EC40363}.Release|x86.Build.0 = Release|Any CPU
		{CE24F360-AC98-4A3E-8EB6-252552B6C007}.Debug|Any CPU.ActiveCfg = Debug|Any CPU
		{CE24F360-AC98-4A3E-8EB6-252552B6C007}.Debug|Any CPU.Build.0 = Debug|Any CPU
		{CE24F360-AC98-4A3E-8EB6-252552B6C007}.Debug|x64.ActiveCfg = Debug|Any CPU
		{CE24F360-AC98-4A3E-8EB6-252552B6C007}.Debug|x64.Build.0 = Debug|Any CPU
		{CE24F360-AC98-4A3E-8EB6-252552B6C007}.Debug|x86.ActiveCfg = Debug|Any CPU
		{CE24F360-AC98-4A3E-8EB6-252552B6C007}.Debug|x86.Build.0 = Debug|Any CPU
		{CE24F360-AC98-4A3E-8EB6-252552B6C007}.Release|Any CPU.ActiveCfg = Release|Any CPU
		{CE24F360-AC98-4A3E-8EB6-252552B6C007}.Release|Any CPU.Build.0 = Release|Any CPU
		{CE24F360-AC98-4A3E-8EB6-252552B6C007}.Release|x64.ActiveCfg = Release|Any CPU
		{CE24F360-AC98-4A3E-8EB6-252552B6C007}.Release|x64.Build.0 = Release|Any CPU
		{CE24F360-AC98-4A3E-8EB6-252552B6C007}.Release|x86.ActiveCfg = Release|Any CPU
		{CE24F360-AC98-4A3E-8EB6-252552B6C007}.Release|x86.Build.0 = Release|Any CPU
		{C2B35F9E-3ACA-44A2-A976-67CA8C927638}.Debug|Any CPU.ActiveCfg = Debug|Any CPU
		{C2B35F9E-3ACA-44A2-A976-67CA8C927638}.Debug|Any CPU.Build.0 = Debug|Any CPU
		{C2B35F9E-3ACA-44A2-A976-67CA8C927638}.Debug|x64.ActiveCfg = Debug|Any CPU
		{C2B35F9E-3ACA-44A2-A976-67CA8C927638}.Debug|x64.Build.0 = Debug|Any CPU
		{C2B35F9E-3ACA-44A2-A976-67CA8C927638}.Debug|x86.ActiveCfg = Debug|Any CPU
		{C2B35F9E-3ACA-44A2-A976-67CA8C927638}.Debug|x86.Build.0 = Debug|Any CPU
		{C2B35F9E-3ACA-44A2-A976-67CA8C927638}.Release|Any CPU.ActiveCfg = Release|Any CPU
		{C2B35F9E-3ACA-44A2-A976-67CA8C927638}.Release|Any CPU.Build.0 = Release|Any CPU
		{C2B35F9E-3ACA-44A2-A976-67CA8C927638}.Release|x64.ActiveCfg = Release|Any CPU
		{C2B35F9E-3ACA-44A2-A976-67CA8C927638}.Release|x64.Build.0 = Release|Any CPU
		{C2B35F9E-3ACA-44A2-A976-67CA8C927638}.Release|x86.ActiveCfg = Release|Any CPU
		{C2B35F9E-3ACA-44A2-A976-67CA8C927638}.Release|x86.Build.0 = Release|Any CPU
		{A311BD18-BA97-4C46-AD75-585E266D3415}.Debug|Any CPU.ActiveCfg = Debug|Any CPU
		{A311BD18-BA97-4C46-AD75-585E266D3415}.Debug|Any CPU.Build.0 = Debug|Any CPU
		{A311BD18-BA97-4C46-AD75-585E266D3415}.Debug|x64.ActiveCfg = Debug|Any CPU
		{A311BD18-BA97-4C46-AD75-585E266D3415}.Debug|x64.Build.0 = Debug|Any CPU
		{A311BD18-BA97-4C46-AD75-585E266D3415}.Debug|x86.ActiveCfg = Debug|Any CPU
		{A311BD18-BA97-4C46-AD75-585E266D3415}.Debug|x86.Build.0 = Debug|Any CPU
		{A311BD18-BA97-4C46-AD75-585E266D3415}.Release|Any CPU.ActiveCfg = Release|Any CPU
		{A311BD18-BA97-4C46-AD75-585E266D3415}.Release|Any CPU.Build.0 = Release|Any CPU
		{A311BD18-BA97-4C46-AD75-585E266D3415}.Release|x64.ActiveCfg = Release|Any CPU
		{A311BD18-BA97-4C46-AD75-585E266D3415}.Release|x64.Build.0 = Release|Any CPU
		{A311BD18-BA97-4C46-AD75-585E266D3415}.Release|x86.ActiveCfg = Release|Any CPU
		{A311BD18-BA97-4C46-AD75-585E266D3415}.Release|x86.Build.0 = Release|Any CPU
		{D14705FC-5122-47D3-818D-0801FB83AC71}.Debug|Any CPU.ActiveCfg = Debug|Any CPU
		{D14705FC-5122-47D3-818D-0801FB83AC71}.Debug|Any CPU.Build.0 = Debug|Any CPU
		{D14705FC-5122-47D3-818D-0801FB83AC71}.Debug|x64.ActiveCfg = Debug|Any CPU
		{D14705FC-5122-47D3-818D-0801FB83AC71}.Debug|x64.Build.0 = Debug|Any CPU
		{D14705FC-5122-47D3-818D-0801FB83AC71}.Debug|x86.ActiveCfg = Debug|Any CPU
		{D14705FC-5122-47D3-818D-0801FB83AC71}.Debug|x86.Build.0 = Debug|Any CPU
		{D14705FC-5122-47D3-818D-0801FB83AC71}.Release|Any CPU.ActiveCfg = Release|Any CPU
		{D14705FC-5122-47D3-818D-0801FB83AC71}.Release|Any CPU.Build.0 = Release|Any CPU
		{D14705FC-5122-47D3-818D-0801FB83AC71}.Release|x64.ActiveCfg = Release|Any CPU
		{D14705FC-5122-47D3-818D-0801FB83AC71}.Release|x64.Build.0 = Release|Any CPU
		{D14705FC-5122-47D3-818D-0801FB83AC71}.Release|x86.ActiveCfg = Release|Any CPU
		{D14705FC-5122-47D3-818D-0801FB83AC71}.Release|x86.Build.0 = Release|Any CPU
		{3D6D85D6-CD05-4567-91CA-E037B7B500F6}.Debug|Any CPU.ActiveCfg = Debug|Any CPU
		{3D6D85D6-CD05-4567-91CA-E037B7B500F6}.Debug|Any CPU.Build.0 = Debug|Any CPU
		{3D6D85D6-CD05-4567-91CA-E037B7B500F6}.Debug|x64.ActiveCfg = Debug|Any CPU
		{3D6D85D6-CD05-4567-91CA-E037B7B500F6}.Debug|x64.Build.0 = Debug|Any CPU
		{3D6D85D6-CD05-4567-91CA-E037B7B500F6}.Debug|x86.ActiveCfg = Debug|Any CPU
		{3D6D85D6-CD05-4567-91CA-E037B7B500F6}.Debug|x86.Build.0 = Debug|Any CPU
		{3D6D85D6-CD05-4567-91CA-E037B7B500F6}.Release|Any CPU.ActiveCfg = Release|Any CPU
		{3D6D85D6-CD05-4567-91CA-E037B7B500F6}.Release|Any CPU.Build.0 = Release|Any CPU
		{3D6D85D6-CD05-4567-91CA-E037B7B500F6}.Release|x64.ActiveCfg = Release|Any CPU
		{3D6D85D6-CD05-4567-91CA-E037B7B500F6}.Release|x64.Build.0 = Release|Any CPU
		{3D6D85D6-CD05-4567-91CA-E037B7B500F6}.Release|x86.ActiveCfg = Release|Any CPU
		{3D6D85D6-CD05-4567-91CA-E037B7B500F6}.Release|x86.Build.0 = Release|Any CPU
		{0C9F482F-8251-43B4-8C31-3AD158367E86}.Debug|Any CPU.ActiveCfg = Debug|Any CPU
		{0C9F482F-8251-43B4-8C31-3AD158367E86}.Debug|Any CPU.Build.0 = Debug|Any CPU
		{0C9F482F-8251-43B4-8C31-3AD158367E86}.Debug|x64.ActiveCfg = Debug|Any CPU
		{0C9F482F-8251-43B4-8C31-3AD158367E86}.Debug|x64.Build.0 = Debug|Any CPU
		{0C9F482F-8251-43B4-8C31-3AD158367E86}.Debug|x86.ActiveCfg = Debug|Any CPU
		{0C9F482F-8251-43B4-8C31-3AD158367E86}.Debug|x86.Build.0 = Debug|Any CPU
		{0C9F482F-8251-43B4-8C31-3AD158367E86}.Release|Any CPU.ActiveCfg = Release|Any CPU
		{0C9F482F-8251-43B4-8C31-3AD158367E86}.Release|Any CPU.Build.0 = Release|Any CPU
		{0C9F482F-8251-43B4-8C31-3AD158367E86}.Release|x64.ActiveCfg = Release|Any CPU
		{0C9F482F-8251-43B4-8C31-3AD158367E86}.Release|x64.Build.0 = Release|Any CPU
		{0C9F482F-8251-43B4-8C31-3AD158367E86}.Release|x86.ActiveCfg = Release|Any CPU
		{0C9F482F-8251-43B4-8C31-3AD158367E86}.Release|x86.Build.0 = Release|Any CPU
	EndGlobalSection
	GlobalSection(SolutionProperties) = preSolution
		HideSolutionNode = FALSE
	EndGlobalSection
	GlobalSection(NestedProjects) = preSolution
		{91A7E0CC-7E3F-4255-92C3-A4C9B32BB6D5} = {827E0CD3-B72D-47B6-A68D-7590B98EB39B}
		{6A7B6030-FFFD-4A12-8000-0EF466710E51} = {827E0CD3-B72D-47B6-A68D-7590B98EB39B}
		{1A451974-8C74-4ED6-81C0-058C544C02DE} = {827E0CD3-B72D-47B6-A68D-7590B98EB39B}
		{F3222E24-DFCB-4D56-9BCB-67525EC40363} = {0AB3BF05-4346-4AA6-1389-037BE0695223}
		{CE24F360-AC98-4A3E-8EB6-252552B6C007} = {0AB3BF05-4346-4AA6-1389-037BE0695223}
		{C2B35F9E-3ACA-44A2-A976-67CA8C927638} = {0AB3BF05-4346-4AA6-1389-037BE0695223}
		{A311BD18-BA97-4C46-AD75-585E266D3415} = {5D20AA90-6969-D8BD-9DCD-8634F4692FDA}
		{D14705FC-5122-47D3-818D-0801FB83AC71} = {827E0CD3-B72D-47B6-A68D-7590B98EB39B}
		{3D6D85D6-CD05-4567-91CA-E037B7B500F6} = {0AB3BF05-4346-4AA6-1389-037BE0695223}
		{0C9F482F-8251-43B4-8C31-3AD158367E86} = {827E0CD3-B72D-47B6-A68D-7590B98EB39B}
	EndGlobalSection
EndGlobal
